// !$*UTF8*$!
{
	archiveVersion = 1;
	classes = {
	};
	objectVersion = 46;
	objects = {

/* Begin PBXBuildFile section */
		A524DEE41F690A6700C8D7CA /* AppDelegate.swift in Sources */ = {isa = PBXBuildFile; fileRef = A524DEE31F690A6700C8D7CA /* AppDelegate.swift */; };
		A524DEE61F690A6700C8D7CA /* ViewController.swift in Sources */ = {isa = PBXBuildFile; fileRef = A524DEE51F690A6700C8D7CA /* ViewController.swift */; };
		A524DEE91F690A6700C8D7CA /* Main.storyboard in Resources */ = {isa = PBXBuildFile; fileRef = A524DEE71F690A6700C8D7CA /* Main.storyboard */; };
		A524DEEB1F690A6700C8D7CA /* Assets.xcassets in Resources */ = {isa = PBXBuildFile; fileRef = A524DEEA1F690A6700C8D7CA /* Assets.xcassets */; };
		A524DEEE1F690A6700C8D7CA /* LaunchScreen.storyboard in Resources */ = {isa = PBXBuildFile; fileRef = A524DEEC1F690A6700C8D7CA /* LaunchScreen.storyboard */; };
/* End PBXBuildFile section */

/* Begin PBXFileReference section */
		A524DEE01F690A6700C8D7CA /* HackingWithSwiftPorject2.app */ = {isa = PBXFileReference; explicitFileType = wrapper.application; includeInIndex = 0; path = HackingWithSwiftPorject2.app; sourceTree = BUILT_PRODUCTS_DIR; };
		A524DEE31F690A6700C8D7CA /* AppDelegate.swift */ = {isa = PBXFileReference; lastKnownFileType = sourcecode.swift; path = AppDelegate.swift; sourceTree = "<group>"; };
		A524DEE51F690A6700C8D7CA /* ViewController.swift */ = {isa = PBXFileReference; lastKnownFileType = sourcecode.swift; path = ViewController.swift; sourceTree = "<group>"; };
		A524DEE81F690A6700C8D7CA /* Base */ = {isa = PBXFileReference; lastKnownFileType = file.storyboard; name = Base; path = Base.lproj/Main.storyboard; sourceTree = "<group>"; };
		A524DEEA1F690A6700C8D7CA /* Assets.xcassets */ = {isa = PBXFileReference; lastKnownFileType = folder.assetcatalog; path = Assets.xcassets; sourceTree = "<group>"; };
		A524DEED1F690A6700C8D7CA /* Base */ = {isa = PBXFileReference; lastKnownFileType = file.storyboard; name = Base; path = Base.lproj/LaunchScreen.storyboard; sourceTree = "<group>"; };
		A524DEEF1F690A6700C8D7CA /* Info.plist */ = {isa = PBXFileReference; lastKnownFileType = text.plist.xml; path = Info.plist; sourceTree = "<group>"; };
/* End PBXFileReference section */

/* Begin PBXFrameworksBuildPhase section */
		A524DEDD1F690A6700C8D7CA /* Frameworks */ = {
			isa = PBXFrameworksBuildPhase;
			buildActionMask = 2147483647;
			files = (
			);
			runOnlyForDeploymentPostprocessing = 0;
		};
/* End PBXFrameworksBuildPhase section */

/* Begin PBXGroup section */
		A524DED71F690A6700C8D7CA = {
			isa = PBXGroup;
			children = (
				A524DEE21F690A6700C8D7CA /* HackingWithSwiftPorject2 */,
				A524DEE11F690A6700C8D7CA /* Products */,
			);
			sourceTree = "<group>";
		};
		A524DEE11F690A6700C8D7CA /* Products */ = {
			isa = PBXGroup;
			children = (
				A524DEE01F690A6700C8D7CA /* HackingWithSwiftPorject2.app */,
			);
			name = Products;
			sourceTree = "<group>";
		};
		A524DEE21F690A6700C8D7CA /* HackingWithSwiftPorject2 */ = {
			isa = PBXGroup;
			children = (
				A524DEE31F690A6700C8D7CA /* AppDelegate.swift */,
				A524DEE51F690A6700C8D7CA /* ViewController.swift */,
				A524DEE71F690A6700C8D7CA /* Main.storyboard */,
				A524DEEA1F690A6700C8D7CA /* Assets.xcassets */,
				A524DEEC1F690A6700C8D7CA /* LaunchScreen.storyboard */,
				A524DEEF1F690A6700C8D7CA /* Info.plist */,
			);
			path = HackingWithSwiftPorject2;
			sourceTree = "<group>";
		};
/* End PBXGroup section */

/* Begin PBXNativeTarget section */
		A524DEDF1F690A6700C8D7CA /* HackingWithSwiftPorject2 */ = {
			isa = PBXNativeTarget;
			buildConfigurationList = A524DEF21F690A6700C8D7CA /* Build configuration list for PBXNativeTarget "HackingWithSwiftPorject2" */;
			buildPhases = (
				A524DEDC1F690A6700C8D7CA /* Sources */,
				A524DEDD1F690A6700C8D7CA /* Frameworks */,
				A524DEDE1F690A6700C8D7CA /* Resources */,
			);
			buildRules = (
			);
			dependencies = (
			);
			name = HackingWithSwiftPorject2;
			productName = HackingWithSwiftPorject2;
			productReference = A524DEE01F690A6700C8D7CA /* HackingWithSwiftPorject2.app */;
			productType = "com.apple.product-type.application";
		};
/* End PBXNativeTarget section */

/* Begin PBXProject section */
		A524DED81F690A6700C8D7CA /* Project object */ = {
			isa = PBXProject;
			attributes = {
				LastSwiftUpdateCheck = 0830;
				LastUpgradeCheck = 0830;
				ORGANIZATIONNAME = YuChienCheng;
				TargetAttributes = {
					A524DEDF1F690A6700C8D7CA = {
						CreatedOnToolsVersion = 8.3.3;
						DevelopmentTeam = N334XERY4R;
						ProvisioningStyle = Automatic;
					};
				};
			};
			buildConfigurationList = A524DEDB1F690A6700C8D7CA /* Build configuration list for PBXProject "HackingWithSwiftPorject2" */;
			compatibilityVersion = "Xcode 3.2";
			developmentRegion = English;
			hasScannedForEncodings = 0;
			knownRegions = (
				en,
				Base,
			);
			mainGroup = A524DED71F690A6700C8D7CA;
			productRefGroup = A524DEE11F690A6700C8D7CA /* Products */;
			projectDirPath = "";
			projectRoot = "";
			targets = (
				A524DEDF1F690A6700C8D7CA /* HackingWithSwiftPorject2 */,
			);
		};
/* End PBXProject section */

/* Begin PBXResourcesBuildPhase section */
		A524DEDE1F690A6700C8D7CA /* Resources */ = {
			isa = PBXResourcesBuildPhase;
			buildActionMask = 2147483647;
			files = (
				A524DEEE1F690A6700C8D7CA /* LaunchScreen.storyboard in Resources */,
				A524DEEB1F690A6700C8D7CA /* Assets.xcassets in Resources */,
				A524DEE91F690A6700C8D7CA /* Main.storyboard in Resources */,
			);
			runOnlyForDeploymentPostprocessing = 0;
		};
/* End PBXResourcesBuildPhase section */

/* Begin PBXSourcesBuildPhase section */
		A524DEDC1F690A6700C8D7CA /* Sources */ = {
			isa = PBXSourcesBuildPhase;
			buildActionMask = 2147483647;
			files = (
				A524DEE61F690A6700C8D7CA /* ViewController.swift in Sources */,
				A524DEE41F690A6700C8D7CA /* AppDelegate.swift in Sources */,
			);
			runOnlyForDeploymentPostprocessing = 0;
		};
/* End PBXSourcesBuildPhase section */

/* Begin PBXVariantGroup section */
		A524DEE71F690A6700C8D7CA /* Main.storyboard */ = {
			isa = PBXVariantGroup;
			children = (
				A524DEE81F690A6700C8D7CA /* Base */,
			);
			name = Main.storyboard;
			sourceTree = "<group>";
		};
		A524DEEC1F690A6700C8D7CA /* LaunchScreen.storyboard */ = {
			isa = PBXVariantGroup;
			children = (
				A524DEED1F690A6700C8D7CA /* Base */,
			);
			name = LaunchScreen.storyboard;
			sourceTree = "<group>";
		};
/* End PBXVariantGroup section */

/* Begin XCBuildConfiguration section */
		A524DEF01F690A6700C8D7CA /* Debug */ = {
			isa = XCBuildConfiguration;
			buildSettings = {
				ALWAYS_SEARCH_USER_PATHS = NO;
				CLANG_ANALYZER_NONNULL = YES;
				CLANG_ANALYZER_NUMBER_OBJECT_CONVERSION = YES_AGGRESSIVE;
				CLANG_CXX_LANGUAGE_STANDARD = "gnu++0x";
				CLANG_CXX_LIBRARY = "libc++";
				CLANG_ENABLE_MODULES = YES;
				CLANG_ENABLE_OBJC_ARC = YES;
				CLANG_WARN_BOOL_CONVERSION = YES;
				CLANG_WARN_CONSTANT_CONVERSION = YES;
				CLANG_WARN_DIRECT_OBJC_ISA_USAGE = YES_ERROR;
				CLANG_WARN_DOCUMENTATION_COMMENTS = YES;
				CLANG_WARN_EMPTY_BODY = YES;
				CLANG_WARN_ENUM_CONVERSION = YES;
				CLANG_WARN_INFINITE_RECURSION = YES;
				CLANG_WARN_INT_CONVERSION = YES;
				CLANG_WARN_OBJC_ROOT_CLASS = YES_ERROR;
				CLANG_WARN_SUSPICIOUS_MOVE = YES;
				CLANG_WARN_UNREACHABLE_CODE = YES;
				CLANG_WARN__DUPLICATE_METHOD_MATCH = YES;
				"CODE_SIGN_IDENTITY[sdk=iphoneos*]" = "iPhone Developer";
				COPY_PHASE_STRIP = NO;
				DEBUG_INFORMATION_FORMAT = dwarf;
				ENABLE_STRICT_OBJC_MSGSEND = YES;
				ENABLE_TESTABILITY = YES;
				GCC_C_LANGUAGE_STANDARD = gnu99;
				GCC_DYNAMIC_NO_PIC = NO;
				GCC_NO_COMMON_BLOCKS = YES;
				GCC_OPTIMIZATION_LEVEL = 0;
				GCC_PREPROCESSOR_DEFINITIONS = (
					"DEBUG=1",
					"$(inherited)",
				);
				GCC_WARN_64_TO_32_BIT_CONVERSION = YES;
				GCC_WARN_ABOUT_RETURN_TYPE = YES_ERROR;
				GCC_WARN_UNDECLARED_SELECTOR = YES;
				GCC_WARN_UNINITIALIZED_AUTOS = YES_AGGRESSIVE;
				GCC_WARN_UNUSED_FUNCTION = YES;
				GCC_WARN_UNUSED_VARIABLE = YES;
				IPHONEOS_DEPLOYMENT_TARGET = 10.3;
				MTL_ENABLE_DEBUG_INFO = YES;
				ONLY_ACTIVE_ARCH = YES;
				SDKROOT = iphoneos;
				SWIFT_ACTIVE_COMPILATION_CONDITIONS = DEBUG;
				SWIFT_OPTIMIZATION_LEVEL = "-Onone";
			};
			name = Debug;
		};
		A524DEF11F690A6700C8D7CA /* Release */ = {
			isa = XCBuildConfiguration;
			buildSettings = {
				ALWAYS_SEARCH_USER_PATHS = NO;
				CLANG_ANALYZER_NONNULL = YES;
				CLANG_ANALYZER_NUMBER_OBJECT_CONVERSION = YES_AGGRESSIVE;
				CLANG_CXX_LANGUAGE_STANDARD = "gnu++0x";
				CLANG_CXX_LIBRARY = "libc++";
				CLANG_ENABLE_MODULES = YES;
				CLANG_ENABLE_OBJC_ARC = YES;
				CLANG_WARN_BOOL_CONVERSION = YES;
				CLANG_WARN_CONSTANT_CONVERSION = YES;
				CLANG_WARN_DIRECT_OBJC_ISA_USAGE = YES_ERROR;
				CLANG_WARN_DOCUMENTATION_COMMENTS = YES;
				CLANG_WARN_EMPTY_BODY = YES;
				CLANG_WARN_ENUM_CONVERSION = YES;
				CLANG_WARN_INFINITE_RECURSION = YES;
				CLANG_WARN_INT_CONVERSION = YES;
				CLANG_WARN_OBJC_ROOT_CLASS = YES_ERROR;
				CLANG_WARN_SUSPICIOUS_MOVE = YES;
				CLANG_WARN_UNREACHABLE_CODE = YES;
				CLANG_WARN__DUPLICATE_METHOD_MATCH = YES;
				"CODE_SIGN_IDENTITY[sdk=iphoneos*]" = "iPhone Developer";
				COPY_PHASE_STRIP = NO;
				DEBUG_INFORMATION_FORMAT = "dwarf-with-dsym";
				ENABLE_NS_ASSERTIONS = NO;
				ENABLE_STRICT_OBJC_MSGSEND = YES;
				GCC_C_LANGUAGE_STANDARD = gnu99;
				GCC_NO_COMMON_BLOCKS = YES;
				GCC_WARN_64_TO_32_BIT_CONVERSION = YES;
				GCC_WARN_ABOUT_RETURN_TYPE = YES_ERROR;
				GCC_WARN_UNDECLARED_SELECTOR = YES;
				GCC_WARN_UNINITIALIZED_AUTOS = YES_AGGRESSIVE;
				GCC_WARN_UNUSED_FUNCTION = YES;
				GCC_WARN_UNUSED_VARIABLE = YES;
				IPHONEOS_DEPLOYMENT_TARGET = 10.3;
				MTL_ENABLE_DEBUG_INFO = NO;
				SDKROOT = iphoneos;
				SWIFT_OPTIMIZATION_LEVEL = "-Owholemodule";
				VALIDATE_PRODUCT = YES;
			};
			name = Release;
		};
		A524DEF31F690A6700C8D7CA /* Debug */ = {
			isa = XCBuildConfiguration;
			buildSettings = {
				ASSETCATALOG_COMPILER_APPICON_NAME = AppIcon;
				DEVELOPMENT_TEAM = N334XERY4R;
				INFOPLIST_FILE = HackingWithSwiftPorject2/Info.plist;
				LD_RUNPATH_SEARCH_PATHS = "$(inherited) @executable_path/Frameworks";
				PRODUCT_BUNDLE_IDENTIFIER = com.ChienCheng.HackingWithSwiftPorject2;
				PRODUCT_NAME = "$(TARGET_NAME)";
				SWIFT_VERSION = 3.0;
			};
			name = Debug;
		};
		A524DEF41F690A6700C8D7CA /* Release */ = {
			isa = XCBuildConfiguration;
			buildSettings = {
				ASSETCATALOG_COMPILER_APPICON_NAME = AppIcon;
				DEVELOPMENT_TEAM = N334XERY4R;
				INFOPLIST_FILE = HackingWithSwiftPorject2/Info.plist;
				LD_RUNPATH_SEARCH_PATHS = "$(inherited) @executable_path/Frameworks";
				PRODUCT_BUNDLE_IDENTIFIER = com.ChienCheng.HackingWithSwiftPorject2;
				PRODUCT_NAME = "$(TARGET_NAME)";
				SWIFT_VERSION = 3.0;
			};
			name = Release;
		};
/* End XCBuildConfiguration section */

/* Begin XCConfigurationList section */
		A524DEDB1F690A6700C8D7CA /* Build configuration list for PBXProject "HackingWithSwiftPorject2" */ = {
			isa = XCConfigurationList;
			buildConfigurations = (
				A524DEF01F690A6700C8D7CA /* Debug */,
				A524DEF11F690A6700C8D7CA /* Release */,
			);
			defaultConfigurationIsVisible = 0;
			defaultConfigurationName = Release;
		};
		A524DEF21F690A6700C8D7CA /* Build configuration list for PBXNativeTarget "HackingWithSwiftPorject2" */ = {
			isa = XCConfigurationList;
			buildConfigurations = (
				A524DEF31F690A6700C8D7CA /* Debug */,
				A524DEF41F690A6700C8D7CA /* Release */,
			);
			defaultConfigurationIsVisible = 0;
		};
/* End XCConfigurationList section */
	};
	rootObject = A524DED81F690A6700C8D7CA /* Project object */;
}
